
Microsoft Visual Studio Solution File, Format Version 12.00
# Visual Studio Version 16
VisualStudioVersion = 16.0.31321.278
MinimumVisualStudioVersion = 10.0.40219.1
Project("{FAE04EC0-301F-11D3-BF4B-00C04F79EFBC}") = "ConsoleApp1", "ConsoleApp1\ConsoleApp1.csproj", "{F3CFAE7D-0F70-4227-A8E1-F4642E846B85}"
EndProject
Project("{FAE04EC0-301F-11D3-BF4B-00C04F79EFBC}") = "TestProject1", "TestProject1\TestProject1.csproj", "{114E3DC6-B700-4163-BD9C-8256CAB685DE}"
EndProject
Global
	GlobalSection(SolutionConfigurationPlatforms) = preSolution
		Debug|Any CPU = Debug|Any CPU
		Release|Any CPU = Release|Any CPU
	EndGlobalSection
	GlobalSection(ProjectConfigurationPlatforms) = postSolution
		{F3CFAE7D-0F70-4227-A8E1-F4642E846B85}.Debug|Any CPU.ActiveCfg = Debug|Any CPU
		{F3CFAE7D-0F70-4227-A8E1-F4642E846B85}.Debug|Any CPU.Build.0 = Debug|Any CPU
		{F3CFAE7D-0F70-4227-A8E1-F4642E846B85}.Release|Any CPU.ActiveCfg = Release|Any CPU
		{F3CFAE7D-0F70-4227-A8E1-F4642E846B85}.Release|Any CPU.Build.0 = Release|Any CPU
		{114E3DC6-B700-4163-BD9C-8256CAB685DE}.Debug|Any CPU.ActiveCfg = Debug|Any CPU
		{114E3DC6-B700-4163-BD9C-8256CAB685DE}.Debug|Any CPU.Build.0 = Debug|Any CPU
		{114E3DC6-B700-4163-BD9C-8256CAB685DE}.Release|Any CPU.ActiveCfg = Release|Any CPU
		{114E3DC6-B700-4163-BD9C-8256CAB685DE}.Release|Any CPU.Build.0 = Release|Any CPU
	EndGlobalSection
	GlobalSection(SolutionProperties) = preSolution
		HideSolutionNode = FALSE
	EndGlobalSection
	GlobalSection(ExtensibilityGlobals) = postSolution
		SolutionGuid = {D8532324-A210-4C62-9804-96655B6C04AD}
	EndGlobalSection
EndGlobal
