
Microsoft Visual Studio Solution File, Format Version 12.00
# Visual Studio Version 16
VisualStudioVersion = 16.0.31321.278
MinimumVisualStudioVersion = 10.0.40219.1
Project("{FAE04EC0-301F-11D3-BF4B-00C04F79EFBC}") = "ConsoleApp1", "ConsoleApp1\ConsoleApp1.csproj", "{1A76F70E-18C1-488A-87F6-A62E016A5F00}"
EndProject
Project("{FAE04EC0-301F-11D3-BF4B-00C04F79EFBC}") = "TestProject1", "TestProject1\TestProject1.csproj", "{352A2D9E-A17A-4C8A-A1F6-1210D226F391}"
EndProject
Global
	GlobalSection(SolutionConfigurationPlatforms) = preSolution
		Debug|Any CPU = Debug|Any CPU
		Release|Any CPU = Release|Any CPU
	EndGlobalSection
	GlobalSection(ProjectConfigurationPlatforms) = postSolution
		{1A76F70E-18C1-488A-87F6-A62E016A5F00}.Debug|Any CPU.ActiveCfg = Debug|Any CPU
		{1A76F70E-18C1-488A-87F6-A62E016A5F00}.Debug|Any CPU.Build.0 = Debug|Any CPU
		{1A76F70E-18C1-488A-87F6-A62E016A5F00}.Release|Any CPU.ActiveCfg = Release|Any CPU
		{1A76F70E-18C1-488A-87F6-A62E016A5F00}.Release|Any CPU.Build.0 = Release|Any CPU
		{352A2D9E-A17A-4C8A-A1F6-1210D226F391}.Debug|Any CPU.ActiveCfg = Debug|Any CPU
		{352A2D9E-A17A-4C8A-A1F6-1210D226F391}.Debug|Any CPU.Build.0 = Debug|Any CPU
		{352A2D9E-A17A-4C8A-A1F6-1210D226F391}.Release|Any CPU.ActiveCfg = Release|Any CPU
		{352A2D9E-A17A-4C8A-A1F6-1210D226F391}.Release|Any CPU.Build.0 = Release|Any CPU
	EndGlobalSection
	GlobalSection(SolutionProperties) = preSolution
		HideSolutionNode = FALSE
	EndGlobalSection
	GlobalSection(ExtensibilityGlobals) = postSolution
		SolutionGuid = {6CA8C2BE-AFAE-424C-BB04-5A69B542DE22}
	EndGlobalSection
EndGlobal
