
Microsoft Visual Studio Solution File, Format Version 12.00
# Visual Studio Version 16
VisualStudioVersion = 16.0.31321.278
MinimumVisualStudioVersion = 10.0.40219.1
Project("{FAE04EC0-301F-11D3-BF4B-00C04F79EFBC}") = "ConsoleApp1", "ConsoleApp1\ConsoleApp1.csproj", "{D0927574-AEC4-4E98-BF1C-BFE3FE44DF95}"
EndProject
Project("{FAE04EC0-301F-11D3-BF4B-00C04F79EFBC}") = "TestProject1", "TestProject1\TestProject1.csproj", "{C61022E7-EAE2-4197-B028-C1EB843CE17E}"
EndProject
Global
	GlobalSection(SolutionConfigurationPlatforms) = preSolution
		Debug|Any CPU = Debug|Any CPU
		Release|Any CPU = Release|Any CPU
	EndGlobalSection
	GlobalSection(ProjectConfigurationPlatforms) = postSolution
		{D0927574-AEC4-4E98-BF1C-BFE3FE44DF95}.Debug|Any CPU.ActiveCfg = Debug|Any CPU
		{D0927574-AEC4-4E98-BF1C-BFE3FE44DF95}.Debug|Any CPU.Build.0 = Debug|Any CPU
		{D0927574-AEC4-4E98-BF1C-BFE3FE44DF95}.Release|Any CPU.ActiveCfg = Release|Any CPU
		{D0927574-AEC4-4E98-BF1C-BFE3FE44DF95}.Release|Any CPU.Build.0 = Release|Any CPU
		{C61022E7-EAE2-4197-B028-C1EB843CE17E}.Debug|Any CPU.ActiveCfg = Debug|Any CPU
		{C61022E7-EAE2-4197-B028-C1EB843CE17E}.Debug|Any CPU.Build.0 = Debug|Any CPU
		{C61022E7-EAE2-4197-B028-C1EB843CE17E}.Release|Any CPU.ActiveCfg = Release|Any CPU
		{C61022E7-EAE2-4197-B028-C1EB843CE17E}.Release|Any CPU.Build.0 = Release|Any CPU
	EndGlobalSection
	GlobalSection(SolutionProperties) = preSolution
		HideSolutionNode = FALSE
	EndGlobalSection
	GlobalSection(ExtensibilityGlobals) = postSolution
		SolutionGuid = {36E9372B-884A-45E6-B0C6-1CA81A6704EB}
	EndGlobalSection
EndGlobal
